
Microsoft Visual Studio Solution File, Format Version 12.00
# Visual Studio Version 17
VisualStudioVersion = 17.6.33712.159
MinimumVisualStudioVersion = 10.0.40219.1
Project("{FAE04EC0-301F-11D3-BF4B-00C04F79EFBC}") = "Mine.Domain", "Mine.Core\Mine.Domain.csproj", "{5F51136F-B49E-4786-ABEC-2C5EED376E73}"
EndProject
Project("{FAE04EC0-301F-11D3-BF4B-00C04F79EFBC}") = "Mine.Application", "Mine.Application\Mine.Application.csproj", "{991D7A37-1FED-40E9-B043-3EE14BDAC8A6}"
EndProject
Project("{FAE04EC0-301F-11D3-BF4B-00C04F79EFBC}") = "Mine.Infrastructure", "Mine.Infrastructure\Mine.Infrastructure.csproj", "{27EA6D2D-8AA1-406F-980E-0E6C2C7F4D2A}"
EndProject
Project("{FAE04EC0-301F-11D3-BF4B-00C04F79EFBC}") = "Mine", "Mine\Mine.csproj", "{6FEFC131-96CA-4309-B60B-482D11973CE3}"
EndProject
Global
	GlobalSection(SolutionConfigurationPlatforms) = preSolution
		Debug|Any CPU = Debug|Any CPU
		Release|Any CPU = Release|Any CPU
	EndGlobalSection
	GlobalSection(ProjectConfigurationPlatforms) = postSolution
		{5F51136F-B49E-4786-ABEC-2C5EED376E73}.Debug|Any CPU.ActiveCfg = Debug|Any CPU
		{5F51136F-B49E-4786-ABEC-2C5EED376E73}.Debug|Any CPU.Build.0 = Debug|Any CPU
		{5F51136F-B49E-4786-ABEC-2C5EED376E73}.Release|Any CPU.ActiveCfg = Release|Any CPU
		{5F51136F-B49E-4786-ABEC-2C5EED376E73}.Release|Any CPU.Build.0 = Release|Any CPU
		{991D7A37-1FED-40E9-B043-3EE14BDAC8A6}.Debug|Any CPU.ActiveCfg = Debug|Any CPU
		{991D7A37-1FED-40E9-B043-3EE14BDAC8A6}.Debug|Any CPU.Build.0 = Debug|Any CPU
		{991D7A37-1FED-40E9-B043-3EE14BDAC8A6}.Release|Any CPU.ActiveCfg = Release|Any CPU
		{991D7A37-1FED-40E9-B043-3EE14BDAC8A6}.Release|Any CPU.Build.0 = Release|Any CPU
		{27EA6D2D-8AA1-406F-980E-0E6C2C7F4D2A}.Debug|Any CPU.ActiveCfg = Debug|Any CPU
		{27EA6D2D-8AA1-406F-980E-0E6C2C7F4D2A}.Debug|Any CPU.Build.0 = Debug|Any CPU
		{27EA6D2D-8AA1-406F-980E-0E6C2C7F4D2A}.Release|Any CPU.ActiveCfg = Release|Any CPU
		{27EA6D2D-8AA1-406F-980E-0E6C2C7F4D2A}.Release|Any CPU.Build.0 = Release|Any CPU
		{6FEFC131-96CA-4309-B60B-482D11973CE3}.Debug|Any CPU.ActiveCfg = Debug|Any CPU
		{6FEFC131-96CA-4309-B60B-482D11973CE3}.Debug|Any CPU.Build.0 = Debug|Any CPU
		{6FEFC131-96CA-4309-B60B-482D11973CE3}.Release|Any CPU.ActiveCfg = Release|Any CPU
		{6FEFC131-96CA-4309-B60B-482D11973CE3}.Release|Any CPU.Build.0 = Release|Any CPU
	EndGlobalSection
	GlobalSection(SolutionProperties) = preSolution
		HideSolutionNode = FALSE
	EndGlobalSection
	GlobalSection(ExtensibilityGlobals) = postSolution
		SolutionGuid = {F363220F-A35D-43FD-AC46-F14C365389DD}
	EndGlobalSection
EndGlobal
